
Microsoft Visual Studio Solution File, Format Version 12.00
# Visual Studio 2012
Project("{FAE04EC0-301F-11D3-BF4B-00C04F79EFBC}") = "Messages", "Messages\Messages.csproj", "{D41517EE-E431-4C9E-9AC0-413996177830}"
EndProject
Project("{FAE04EC0-301F-11D3-BF4B-00C04F79EFBC}") = "Publisher", "Publisher\Publisher.csproj", "{85398953-8F1A-411E-928E-5430122C48B4}"
EndProject
Project("{FAE04EC0-301F-11D3-BF4B-00C04F79EFBC}") = "Subscriber", "Subscriber\Subscriber.csproj", "{9A4B8B84-3C3F-4297-9DCE-A44DE4B7BA3B}"
EndProject
Global
	GlobalSection(SolutionConfigurationPlatforms) = preSolution
		Debug|Any CPU = Debug|Any CPU
		Release|Any CPU = Release|Any CPU
	EndGlobalSection
	GlobalSection(ProjectConfigurationPlatforms) = postSolution
		{D41517EE-E431-4C9E-9AC0-413996177830}.Debug|Any CPU.ActiveCfg = Debug|Any CPU
		{D41517EE-E431-4C9E-9AC0-413996177830}.Debug|Any CPU.Build.0 = Debug|Any CPU
		{D41517EE-E431-4C9E-9AC0-413996177830}.Release|Any CPU.ActiveCfg = Release|Any CPU
		{D41517EE-E431-4C9E-9AC0-413996177830}.Release|Any CPU.Build.0 = Release|Any CPU
		{85398953-8F1A-411E-928E-5430122C48B4}.Debug|Any CPU.ActiveCfg = Debug|Any CPU
		{85398953-8F1A-411E-928E-5430122C48B4}.Debug|Any CPU.Build.0 = Debug|Any CPU
		{85398953-8F1A-411E-928E-5430122C48B4}.Release|Any CPU.ActiveCfg = Release|Any CPU
		{85398953-8F1A-411E-928E-5430122C48B4}.Release|Any CPU.Build.0 = Release|Any CPU
		{9A4B8B84-3C3F-4297-9DCE-A44DE4B7BA3B}.Debug|Any CPU.ActiveCfg = Debug|Any CPU
		{9A4B8B84-3C3F-4297-9DCE-A44DE4B7BA3B}.Debug|Any CPU.Build.0 = Debug|Any CPU
		{9A4B8B84-3C3F-4297-9DCE-A44DE4B7BA3B}.Release|Any CPU.ActiveCfg = Release|Any CPU
		{9A4B8B84-3C3F-4297-9DCE-A44DE4B7BA3B}.Release|Any CPU.Build.0 = Release|Any CPU
	EndGlobalSection
	GlobalSection(SolutionProperties) = preSolution
		HideSolutionNode = FALSE
	EndGlobalSection
EndGlobal
